
Microsoft Visual Studio Solution File, Format Version 12.00
# Visual Studio Version 17
VisualStudioVersion = 17.6.33829.357
MinimumVisualStudioVersion = 10.0.40219.1
Project("{FAE04EC0-301F-11D3-BF4B-00C04F79EFBC}") = "MyBrewBookApi", "MyBrewBookApi\MyBrewBookApi.csproj", "{B07F9BE6-DD5A-42E6-956D-2B62910BAB62}"
EndProject
Global
	GlobalSection(SolutionConfigurationPlatforms) = preSolution
		Debug|Any CPU = Debug|Any CPU
		Release|Any CPU = Release|Any CPU
	EndGlobalSection
	GlobalSection(ProjectConfigurationPlatforms) = postSolution
		{B07F9BE6-DD5A-42E6-956D-2B62910BAB62}.Debug|Any CPU.ActiveCfg = Debug|Any CPU
		{B07F9BE6-DD5A-42E6-956D-2B62910BAB62}.Debug|Any CPU.Build.0 = Debug|Any CPU
		{B07F9BE6-DD5A-42E6-956D-2B62910BAB62}.Release|Any CPU.ActiveCfg = Release|Any CPU
		{B07F9BE6-DD5A-42E6-956D-2B62910BAB62}.Release|Any CPU.Build.0 = Release|Any CPU
	EndGlobalSection
	GlobalSection(SolutionProperties) = preSolution
		HideSolutionNode = FALSE
	EndGlobalSection
	GlobalSection(ExtensibilityGlobals) = postSolution
		SolutionGuid = {57FDAC05-EEAF-44D3-B2CF-9132C849ACCC}
	EndGlobalSection
EndGlobal
